
Microsoft Visual Studio Solution File, Format Version 12.00
# Visual Studio 15
VisualStudioVersion = 15.0.28010.0
MinimumVisualStudioVersion = 10.0.40219.1
Project("{FAE04EC0-301F-11D3-BF4B-00C04F79EFBC}") = "TP-PRUEBA", "TP-PRUEBA\TP-PRUEBA.csproj", "{DD612520-E49C-4446-9607-6D0CEE42225E}"
EndProject
Global
	GlobalSection(SolutionConfigurationPlatforms) = preSolution
		Debug|Any CPU = Debug|Any CPU
		Release|Any CPU = Release|Any CPU
	EndGlobalSection
	GlobalSection(ProjectConfigurationPlatforms) = postSolution
		{DD612520-E49C-4446-9607-6D0CEE42225E}.Debug|Any CPU.ActiveCfg = Debug|Any CPU
		{DD612520-E49C-4446-9607-6D0CEE42225E}.Debug|Any CPU.Build.0 = Debug|Any CPU
		{DD612520-E49C-4446-9607-6D0CEE42225E}.Release|Any CPU.ActiveCfg = Release|Any CPU
		{DD612520-E49C-4446-9607-6D0CEE42225E}.Release|Any CPU.Build.0 = Release|Any CPU
	EndGlobalSection
	GlobalSection(SolutionProperties) = preSolution
		HideSolutionNode = FALSE
	EndGlobalSection
	GlobalSection(ExtensibilityGlobals) = postSolution
		SolutionGuid = {B53FF03E-617D-4F31-AEB4-5B86B18C8F2C}
	EndGlobalSection
EndGlobal
